// !$*UTF8*$!
{
	archiveVersion = 1;
	classes = {
	};
	objectVersion = 46;
	objects = {

/* Begin PBXBuildFile section */
		5CCE41B5C9581D52FAF86640 /* Pods_Instagram.framework in Frameworks */ = {isa = PBXBuildFile; fileRef = 783CC6DBD28DC23B0BB6F5CE /* Pods_Instagram.framework */; };
		A90152A11F059CC000BBEBF1 /* Profile.swift in Sources */ = {isa = PBXBuildFile; fileRef = A90152A01F059CC000BBEBF1 /* Profile.swift */; };
		A90C48691F0586A80024F48F /* Main.storyboard in Resources */ = {isa = PBXBuildFile; fileRef = A90C48671F0586A80024F48F /* Main.storyboard */; };
		A91578C41F02FA2E00F3052E /* LoginViewController.swift in Sources */ = {isa = PBXBuildFile; fileRef = A91578C31F02FA2E00F3052E /* LoginViewController.swift */; };
		A97505F81F02F73A005BEC07 /* AppDelegate.swift in Sources */ = {isa = PBXBuildFile; fileRef = A97505F71F02F73A005BEC07 /* AppDelegate.swift */; };
		A97505FF1F02F73A005BEC07 /* Assets.xcassets in Resources */ = {isa = PBXBuildFile; fileRef = A97505FE1F02F73A005BEC07 /* Assets.xcassets */; };
		A97506021F02F73A005BEC07 /* LaunchScreen.storyboard in Resources */ = {isa = PBXBuildFile; fileRef = A97506001F02F73A005BEC07 /* LaunchScreen.storyboard */; };
		A975060D1F02F73A005BEC07 /* InstagramTests.swift in Sources */ = {isa = PBXBuildFile; fileRef = A975060C1F02F73A005BEC07 /* InstagramTests.swift */; };
		A97506181F02F73A005BEC07 /* InstagramUITests.swift in Sources */ = {isa = PBXBuildFile; fileRef = A97506171F02F73A005BEC07 /* InstagramUITests.swift */; };
		A9C29B6E1F0302150083E7FC /* HomeViewController.swift in Sources */ = {isa = PBXBuildFile; fileRef = A9C29B6D1F0302150083E7FC /* HomeViewController.swift */; };
		A9C29B721F0317810083E7FC /* Post.swift in Sources */ = {isa = PBXBuildFile; fileRef = A9C29B711F0317810083E7FC /* Post.swift */; };
		A9C29B761F031F240083E7FC /* ProfileViewController.swift in Sources */ = {isa = PBXBuildFile; fileRef = A9C29B751F031F240083E7FC /* ProfileViewController.swift */; };
		A9C29B7A1F0323B00083E7FC /* ProfileCollectionViewCell.swift in Sources */ = {isa = PBXBuildFile; fileRef = A9C29B791F0323B00083E7FC /* ProfileCollectionViewCell.swift */; };
		A9C29B7F1F0324D70083E7FC /* HomeTableViewCell.swift in Sources */ = {isa = PBXBuildFile; fileRef = A9C29B7E1F0324D70083E7FC /* HomeTableViewCell.swift */; };
		A9C29B821F0325C80083E7FC /* PostViewController.swift in Sources */ = {isa = PBXBuildFile; fileRef = A9C29B811F0325C80083E7FC /* PostViewController.swift */; };
		A9D15D021F04616B00FE6146 /* PhotoDetailsViewController.swift in Sources */ = {isa = PBXBuildFile; fileRef = A9D15D011F04616B00FE6146 /* PhotoDetailsViewController.swift */; };
		D62BAA8F4E12C0CFE3079AA9 /* Pods_InstagramUITests.framework in Frameworks */ = {isa = PBXBuildFile; fileRef = E891D6966AB626F9F5EF8855 /* Pods_InstagramUITests.framework */; };
		D925D861B39F2C2A00E23A96 /* Pods_InstagramTests.framework in Frameworks */ = {isa = PBXBuildFile; fileRef = EAC86C9F6BC652DE9D404CC4 /* Pods_InstagramTests.framework */; };
/* End PBXBuildFile section */

/* Begin PBXContainerItemProxy section */
		A97506091F02F73A005BEC07 /* PBXContainerItemProxy */ = {
			isa = PBXContainerItemProxy;
			containerPortal = A97505EC1F02F73A005BEC07 /* Project object */;
			proxyType = 1;
			remoteGlobalIDString = A97505F31F02F73A005BEC07;
			remoteInfo = Instagram;
		};
		A97506141F02F73A005BEC07 /* PBXContainerItemProxy */ = {
			isa = PBXContainerItemProxy;
			containerPortal = A97505EC1F02F73A005BEC07 /* Project object */;
			proxyType = 1;
			remoteGlobalIDString = A97505F31F02F73A005BEC07;
			remoteInfo = Instagram;
		};
/* End PBXContainerItemProxy section */

/* Begin PBXFileReference section */
		2421B8773C3FB22F6E8CD76F /* Pods-Instagram.release.xcconfig */ = {isa = PBXFileReference; includeInIndex = 1; lastKnownFileType = text.xcconfig; name = "Pods-Instagram.release.xcconfig"; path = "Pods/Target Support Files/Pods-Instagram/Pods-Instagram.release.xcconfig"; sourceTree = "<group>"; };
		3502CB08B3F65918A3467E22 /* Pods-InstagramUITests.release.xcconfig */ = {isa = PBXFileReference; includeInIndex = 1; lastKnownFileType = text.xcconfig; name = "Pods-InstagramUITests.release.xcconfig"; path = "Pods/Target Support Files/Pods-InstagramUITests/Pods-InstagramUITests.release.xcconfig"; sourceTree = "<group>"; };
		4453D2FC328A9BACD6BD3370 /* Pods-Instagram.debug.xcconfig */ = {isa = PBXFileReference; includeInIndex = 1; lastKnownFileType = text.xcconfig; name = "Pods-Instagram.debug.xcconfig"; path = "Pods/Target Support Files/Pods-Instagram/Pods-Instagram.debug.xcconfig"; sourceTree = "<group>"; };
		783CC6DBD28DC23B0BB6F5CE /* Pods_Instagram.framework */ = {isa = PBXFileReference; explicitFileType = wrapper.framework; includeInIndex = 0; path = Pods_Instagram.framework; sourceTree = BUILT_PRODUCTS_DIR; };
		A90152A01F059CC000BBEBF1 /* Profile.swift */ = {isa = PBXFileReference; fileEncoding = 4; lastKnownFileType = sourcecode.swift; path = Profile.swift; sourceTree = "<group>"; };
		A90C48681F0586A80024F48F /* Base */ = {isa = PBXFileReference; lastKnownFileType = file.storyboard; name = Base; path = Base.lproj/Main.storyboard; sourceTree = "<group>"; };
		A91578C31F02FA2E00F3052E /* LoginViewController.swift */ = {isa = PBXFileReference; fileEncoding = 4; lastKnownFileType = sourcecode.swift; path = LoginViewController.swift; sourceTree = "<group>"; };
		A97505F41F02F73A005BEC07 /* Instagram.app */ = {isa = PBXFileReference; explicitFileType = wrapper.application; includeInIndex = 0; path = Instagram.app; sourceTree = BUILT_PRODUCTS_DIR; };
		A97505F71F02F73A005BEC07 /* AppDelegate.swift */ = {isa = PBXFileReference; lastKnownFileType = sourcecode.swift; path = AppDelegate.swift; sourceTree = "<group>"; };
		A97505FE1F02F73A005BEC07 /* Assets.xcassets */ = {isa = PBXFileReference; lastKnownFileType = folder.assetcatalog; path = Assets.xcassets; sourceTree = "<group>"; };
		A97506011F02F73A005BEC07 /* Base */ = {isa = PBXFileReference; lastKnownFileType = file.storyboard; name = Base; path = Base.lproj/LaunchScreen.storyboard; sourceTree = "<group>"; };
		A97506031F02F73A005BEC07 /* Info.plist */ = {isa = PBXFileReference; lastKnownFileType = text.plist.xml; path = Info.plist; sourceTree = "<group>"; };
		A97506081F02F73A005BEC07 /* InstagramTests.xctest */ = {isa = PBXFileReference; explicitFileType = wrapper.cfbundle; includeInIndex = 0; path = InstagramTests.xctest; sourceTree = BUILT_PRODUCTS_DIR; };
		A975060C1F02F73A005BEC07 /* InstagramTests.swift */ = {isa = PBXFileReference; lastKnownFileType = sourcecode.swift; path = InstagramTests.swift; sourceTree = "<group>"; };
		A975060E1F02F73A005BEC07 /* Info.plist */ = {isa = PBXFileReference; lastKnownFileType = text.plist.xml; path = Info.plist; sourceTree = "<group>"; };
		A97506131F02F73A005BEC07 /* InstagramUITests.xctest */ = {isa = PBXFileReference; explicitFileType = wrapper.cfbundle; includeInIndex = 0; path = InstagramUITests.xctest; sourceTree = BUILT_PRODUCTS_DIR; };
		A97506171F02F73A005BEC07 /* InstagramUITests.swift */ = {isa = PBXFileReference; lastKnownFileType = sourcecode.swift; path = InstagramUITests.swift; sourceTree = "<group>"; };
		A97506191F02F73A005BEC07 /* Info.plist */ = {isa = PBXFileReference; lastKnownFileType = text.plist.xml; path = Info.plist; sourceTree = "<group>"; };
		A9C29B6D1F0302150083E7FC /* HomeViewController.swift */ = {isa = PBXFileReference; fileEncoding = 4; lastKnownFileType = sourcecode.swift; path = HomeViewController.swift; sourceTree = "<group>"; };
		A9C29B711F0317810083E7FC /* Post.swift */ = {isa = PBXFileReference; fileEncoding = 4; lastKnownFileType = sourcecode.swift; path = Post.swift; sourceTree = "<group>"; };
		A9C29B751F031F240083E7FC /* ProfileViewController.swift */ = {isa = PBXFileReference; fileEncoding = 4; lastKnownFileType = sourcecode.swift; path = ProfileViewController.swift; sourceTree = "<group>"; };
		A9C29B791F0323B00083E7FC /* ProfileCollectionViewCell.swift */ = {isa = PBXFileReference; fileEncoding = 4; lastKnownFileType = sourcecode.swift; path = ProfileCollectionViewCell.swift; sourceTree = "<group>"; };
		A9C29B7E1F0324D70083E7FC /* HomeTableViewCell.swift */ = {isa = PBXFileReference; fileEncoding = 4; lastKnownFileType = sourcecode.swift; path = HomeTableViewCell.swift; sourceTree = "<group>"; };
		A9C29B811F0325C80083E7FC /* PostViewController.swift */ = {isa = PBXFileReference; fileEncoding = 4; lastKnownFileType = sourcecode.swift; path = PostViewController.swift; sourceTree = "<group>"; };
		A9D15D011F04616B00FE6146 /* PhotoDetailsViewController.swift */ = {isa = PBXFileReference; fileEncoding = 4; lastKnownFileType = sourcecode.swift; path = PhotoDetailsViewController.swift; sourceTree = "<group>"; };
		E0AD0B651BE80A986A5DED6B /* Pods-InstagramTests.debug.xcconfig */ = {isa = PBXFileReference; includeInIndex = 1; lastKnownFileType = text.xcconfig; name = "Pods-InstagramTests.debug.xcconfig"; path = "Pods/Target Support Files/Pods-InstagramTests/Pods-InstagramTests.debug.xcconfig"; sourceTree = "<group>"; };
		E891C4D9924D3DAF8BB1D08C /* Pods-InstagramUITests.debug.xcconfig */ = {isa = PBXFileReference; includeInIndex = 1; lastKnownFileType = text.xcconfig; name = "Pods-InstagramUITests.debug.xcconfig"; path = "Pods/Target Support Files/Pods-InstagramUITests/Pods-InstagramUITests.debug.xcconfig"; sourceTree = "<group>"; };
		E891D6966AB626F9F5EF8855 /* Pods_InstagramUITests.framework */ = {isa = PBXFileReference; explicitFileType = wrapper.framework; includeInIndex = 0; path = Pods_InstagramUITests.framework; sourceTree = BUILT_PRODUCTS_DIR; };
		EAC86C9F6BC652DE9D404CC4 /* Pods_InstagramTests.framework */ = {isa = PBXFileReference; explicitFileType = wrapper.framework; includeInIndex = 0; path = Pods_InstagramTests.framework; sourceTree = BUILT_PRODUCTS_DIR; };
		FD9B36704DEEBA35F8D0874E /* Pods-InstagramTests.release.xcconfig */ = {isa = PBXFileReference; includeInIndex = 1; lastKnownFileType = text.xcconfig; name = "Pods-InstagramTests.release.xcconfig"; path = "Pods/Target Support Files/Pods-InstagramTests/Pods-InstagramTests.release.xcconfig"; sourceTree = "<group>"; };
/* End PBXFileReference section */

/* Begin PBXFrameworksBuildPhase section */
		A97505F11F02F73A005BEC07 /* Frameworks */ = {
			isa = PBXFrameworksBuildPhase;
			buildActionMask = 2147483647;
			files = (
				5CCE41B5C9581D52FAF86640 /* Pods_Instagram.framework in Frameworks */,
			);
			runOnlyForDeploymentPostprocessing = 0;
		};
		A97506051F02F73A005BEC07 /* Frameworks */ = {
			isa = PBXFrameworksBuildPhase;
			buildActionMask = 2147483647;
			files = (
				D925D861B39F2C2A00E23A96 /* Pods_InstagramTests.framework in Frameworks */,
			);
			runOnlyForDeploymentPostprocessing = 0;
		};
		A97506101F02F73A005BEC07 /* Frameworks */ = {
			isa = PBXFrameworksBuildPhase;
			buildActionMask = 2147483647;
			files = (
				D62BAA8F4E12C0CFE3079AA9 /* Pods_InstagramUITests.framework in Frameworks */,
			);
			runOnlyForDeploymentPostprocessing = 0;
		};
/* End PBXFrameworksBuildPhase section */

/* Begin PBXGroup section */
		17FFF47F3935CDF2870D0D79 /* Frameworks */ = {
			isa = PBXGroup;
			children = (
				783CC6DBD28DC23B0BB6F5CE /* Pods_Instagram.framework */,
				EAC86C9F6BC652DE9D404CC4 /* Pods_InstagramTests.framework */,
				E891D6966AB626F9F5EF8855 /* Pods_InstagramUITests.framework */,
			);
			name = Frameworks;
			sourceTree = "<group>";
		};
		A90152A21F059CCB00BBEBF1 /* NSObjects */ = {
			isa = PBXGroup;
			children = (
				A90152A01F059CC000BBEBF1 /* Profile.swift */,
				A9C29B711F0317810083E7FC /* Post.swift */,
			);
			name = NSObjects;
			sourceTree = "<group>";
		};
		A97505EB1F02F73A005BEC07 = {
			isa = PBXGroup;
			children = (
				A97505F61F02F73A005BEC07 /* Instagram */,
				A975060B1F02F73A005BEC07 /* InstagramTests */,
				A97506161F02F73A005BEC07 /* InstagramUITests */,
				A97505F51F02F73A005BEC07 /* Products */,
				EF0403E82E81313708AF673E /* Pods */,
				17FFF47F3935CDF2870D0D79 /* Frameworks */,
			);
			sourceTree = "<group>";
		};
		A97505F51F02F73A005BEC07 /* Products */ = {
			isa = PBXGroup;
			children = (
				A97505F41F02F73A005BEC07 /* Instagram.app */,
				A97506081F02F73A005BEC07 /* InstagramTests.xctest */,
				A97506131F02F73A005BEC07 /* InstagramUITests.xctest */,
			);
			name = Products;
			sourceTree = "<group>";
		};
		A97505F61F02F73A005BEC07 /* Instagram */ = {
			isa = PBXGroup;
			children = (
				A97505F71F02F73A005BEC07 /* AppDelegate.swift */,
				A90C48671F0586A80024F48F /* Main.storyboard */,
				A90152A21F059CCB00BBEBF1 /* NSObjects */,
				A9C29B801F0324E10083E7FC /* Cells */,
				A9C29B7D1F0324820083E7FC /* VC */,
				A97505FE1F02F73A005BEC07 /* Assets.xcassets */,
				A97506001F02F73A005BEC07 /* LaunchScreen.storyboard */,
				A97506031F02F73A005BEC07 /* Info.plist */,
			);
			path = Instagram;
			sourceTree = "<group>";
		};
		A975060B1F02F73A005BEC07 /* InstagramTests */ = {
			isa = PBXGroup;
			children = (
				A975060C1F02F73A005BEC07 /* InstagramTests.swift */,
				A975060E1F02F73A005BEC07 /* Info.plist */,
			);
			path = InstagramTests;
			sourceTree = "<group>";
		};
		A97506161F02F73A005BEC07 /* InstagramUITests */ = {
			isa = PBXGroup;
			children = (
				A97506171F02F73A005BEC07 /* InstagramUITests.swift */,
				A97506191F02F73A005BEC07 /* Info.plist */,
			);
			path = InstagramUITests;
			sourceTree = "<group>";
		};
		A9C29B7D1F0324820083E7FC /* VC */ = {
			isa = PBXGroup;
			children = (
				A9C29B751F031F240083E7FC /* ProfileViewController.swift */,
				A9C29B6D1F0302150083E7FC /* HomeViewController.swift */,
				A91578C31F02FA2E00F3052E /* LoginViewController.swift */,
				A9C29B811F0325C80083E7FC /* PostViewController.swift */,
				A9D15D011F04616B00FE6146 /* PhotoDetailsViewController.swift */,
			);
			name = VC;
			sourceTree = "<group>";
		};
		A9C29B801F0324E10083E7FC /* Cells */ = {
			isa = PBXGroup;
			children = (
				A9C29B791F0323B00083E7FC /* ProfileCollectionViewCell.swift */,
				A9C29B7E1F0324D70083E7FC /* HomeTableViewCell.swift */,
			);
			name = Cells;
			sourceTree = "<group>";
		};
		EF0403E82E81313708AF673E /* Pods */ = {
			isa = PBXGroup;
			children = (
				4453D2FC328A9BACD6BD3370 /* Pods-Instagram.debug.xcconfig */,
				2421B8773C3FB22F6E8CD76F /* Pods-Instagram.release.xcconfig */,
				E0AD0B651BE80A986A5DED6B /* Pods-InstagramTests.debug.xcconfig */,
				FD9B36704DEEBA35F8D0874E /* Pods-InstagramTests.release.xcconfig */,
				E891C4D9924D3DAF8BB1D08C /* Pods-InstagramUITests.debug.xcconfig */,
				3502CB08B3F65918A3467E22 /* Pods-InstagramUITests.release.xcconfig */,
			);
			name = Pods;
			sourceTree = "<group>";
		};
/* End PBXGroup section */

/* Begin PBXNativeTarget section */
		A97505F31F02F73A005BEC07 /* Instagram */ = {
			isa = PBXNativeTarget;
			buildConfigurationList = A975061C1F02F73A005BEC07 /* Build configuration list for PBXNativeTarget "Instagram" */;
			buildPhases = (
				9D0BCDBD66177AE13618F0BE /* [CP] Check Pods Manifest.lock */,
				A97505F01F02F73A005BEC07 /* Sources */,
				A97505F11F02F73A005BEC07 /* Frameworks */,
				A97505F21F02F73A005BEC07 /* Resources */,
				94C2E65501AAFA1CA92A3953 /* [CP] Embed Pods Frameworks */,
				FDF2FF4CCC9E574E6352E27C /* [CP] Copy Pods Resources */,
			);
			buildRules = (
			);
			dependencies = (
			);
			name = Instagram;
			productName = Instagram;
			productReference = A97505F41F02F73A005BEC07 /* Instagram.app */;
			productType = "com.apple.product-type.application";
		};
		A97506071F02F73A005BEC07 /* InstagramTests */ = {
			isa = PBXNativeTarget;
			buildConfigurationList = A975061F1F02F73A005BEC07 /* Build configuration list for PBXNativeTarget "InstagramTests" */;
			buildPhases = (
				EBFA713F50469D217FFD2B5B /* [CP] Check Pods Manifest.lock */,
				A97506041F02F73A005BEC07 /* Sources */,
				A97506051F02F73A005BEC07 /* Frameworks */,
				A97506061F02F73A005BEC07 /* Resources */,
				4C09560DC6750B7378A3ACBC /* [CP] Embed Pods Frameworks */,
				6EF012BE065D5AA2F4DEC577 /* [CP] Copy Pods Resources */,
			);
			buildRules = (
			);
			dependencies = (
				A975060A1F02F73A005BEC07 /* PBXTargetDependency */,
			);
			name = InstagramTests;
			productName = InstagramTests;
			productReference = A97506081F02F73A005BEC07 /* InstagramTests.xctest */;
			productType = "com.apple.product-type.bundle.unit-test";
		};
		A97506121F02F73A005BEC07 /* InstagramUITests */ = {
			isa = PBXNativeTarget;
			buildConfigurationList = A97506221F02F73A005BEC07 /* Build configuration list for PBXNativeTarget "InstagramUITests" */;
			buildPhases = (
				CFD4FE53127B3D6C911859AE /* [CP] Check Pods Manifest.lock */,
				A975060F1F02F73A005BEC07 /* Sources */,
				A97506101F02F73A005BEC07 /* Frameworks */,
				A97506111F02F73A005BEC07 /* Resources */,
				BE0387D96EA2C414CB00F818 /* [CP] Embed Pods Frameworks */,
				6DCADF50DE5221C00461C9F9 /* [CP] Copy Pods Resources */,
			);
			buildRules = (
			);
			dependencies = (
				A97506151F02F73A005BEC07 /* PBXTargetDependency */,
			);
			name = InstagramUITests;
			productName = InstagramUITests;
			productReference = A97506131F02F73A005BEC07 /* InstagramUITests.xctest */;
			productType = "com.apple.product-type.bundle.ui-testing";
		};
/* End PBXNativeTarget section */

/* Begin PBXProject section */
		A97505EC1F02F73A005BEC07 /* Project object */ = {
			isa = PBXProject;
			attributes = {
				LastSwiftUpdateCheck = 0830;
				LastUpgradeCheck = 0830;
				ORGANIZATIONNAME = "Nicolas Rodriguez";
				TargetAttributes = {
					A97505F31F02F73A005BEC07 = {
						CreatedOnToolsVersion = 8.3.2;
						ProvisioningStyle = Automatic;
					};
					A97506071F02F73A005BEC07 = {
						CreatedOnToolsVersion = 8.3.2;
						ProvisioningStyle = Automatic;
						TestTargetID = A97505F31F02F73A005BEC07;
					};
					A97506121F02F73A005BEC07 = {
						CreatedOnToolsVersion = 8.3.2;
						ProvisioningStyle = Automatic;
						TestTargetID = A97505F31F02F73A005BEC07;
					};
				};
			};
			buildConfigurationList = A97505EF1F02F73A005BEC07 /* Build configuration list for PBXProject "Instagram" */;
			compatibilityVersion = "Xcode 3.2";
			developmentRegion = English;
			hasScannedForEncodings = 0;
			knownRegions = (
				en,
				Base,
			);
			mainGroup = A97505EB1F02F73A005BEC07;
			productRefGroup = A97505F51F02F73A005BEC07 /* Products */;
			projectDirPath = "";
			projectRoot = "";
			targets = (
				A97505F31F02F73A005BEC07 /* Instagram */,
				A97506071F02F73A005BEC07 /* InstagramTests */,
				A97506121F02F73A005BEC07 /* InstagramUITests */,
			);
		};
/* End PBXProject section */

/* Begin PBXResourcesBuildPhase section */
		A97505F21F02F73A005BEC07 /* Resources */ = {
			isa = PBXResourcesBuildPhase;
			buildActionMask = 2147483647;
			files = (
				A90C48691F0586A80024F48F /* Main.storyboard in Resources */,
				A97506021F02F73A005BEC07 /* LaunchScreen.storyboard in Resources */,
				A97505FF1F02F73A005BEC07 /* Assets.xcassets in Resources */,
			);
			runOnlyForDeploymentPostprocessing = 0;
		};
		A97506061F02F73A005BEC07 /* Resources */ = {
			isa = PBXResourcesBuildPhase;
			buildActionMask = 2147483647;
			files = (
			);
			runOnlyForDeploymentPostprocessing = 0;
		};
		A97506111F02F73A005BEC07 /* Resources */ = {
			isa = PBXResourcesBuildPhase;
			buildActionMask = 2147483647;
			files = (
			);
			runOnlyForDeploymentPostprocessing = 0;
		};
/* End PBXResourcesBuildPhase section */

/* Begin PBXShellScriptBuildPhase section */
		4C09560DC6750B7378A3ACBC /* [CP] Embed Pods Frameworks */ = {
			isa = PBXShellScriptBuildPhase;
			buildActionMask = 2147483647;
			files = (
			);
			inputPaths = (
			);
			name = "[CP] Embed Pods Frameworks";
			outputPaths = (
			);
			runOnlyForDeploymentPostprocessing = 0;
			shellPath = /bin/sh;
			shellScript = "\"${SRCROOT}/Pods/Target Support Files/Pods-InstagramTests/Pods-InstagramTests-frameworks.sh\"\n";
			showEnvVarsInLog = 0;
		};
		6DCADF50DE5221C00461C9F9 /* [CP] Copy Pods Resources */ = {
			isa = PBXShellScriptBuildPhase;
			buildActionMask = 2147483647;
			files = (
			);
			inputPaths = (
			);
			name = "[CP] Copy Pods Resources";
			outputPaths = (
			);
			runOnlyForDeploymentPostprocessing = 0;
			shellPath = /bin/sh;
			shellScript = "\"${SRCROOT}/Pods/Target Support Files/Pods-InstagramUITests/Pods-InstagramUITests-resources.sh\"\n";
			showEnvVarsInLog = 0;
		};
		6EF012BE065D5AA2F4DEC577 /* [CP] Copy Pods Resources */ = {
			isa = PBXShellScriptBuildPhase;
			buildActionMask = 2147483647;
			files = (
			);
			inputPaths = (
			);
			name = "[CP] Copy Pods Resources";
			outputPaths = (
			);
			runOnlyForDeploymentPostprocessing = 0;
			shellPath = /bin/sh;
			shellScript = "\"${SRCROOT}/Pods/Target Support Files/Pods-InstagramTests/Pods-InstagramTests-resources.sh\"\n";
			showEnvVarsInLog = 0;
		};
		94C2E65501AAFA1CA92A3953 /* [CP] Embed Pods Frameworks */ = {
			isa = PBXShellScriptBuildPhase;
			buildActionMask = 2147483647;
			files = (
			);
			inputPaths = (
			);
			name = "[CP] Embed Pods Frameworks";
			outputPaths = (
			);
			runOnlyForDeploymentPostprocessing = 0;
			shellPath = /bin/sh;
			shellScript = "\"${SRCROOT}/Pods/Target Support Files/Pods-Instagram/Pods-Instagram-frameworks.sh\"\n";
			showEnvVarsInLog = 0;
		};
		9D0BCDBD66177AE13618F0BE /* [CP] Check Pods Manifest.lock */ = {
			isa = PBXShellScriptBuildPhase;
			buildActionMask = 2147483647;
			files = (
			);
			inputPaths = (
			);
			name = "[CP] Check Pods Manifest.lock";
			outputPaths = (
			);
			runOnlyForDeploymentPostprocessing = 0;
			shellPath = /bin/sh;
			shellScript = "diff \"${PODS_PODFILE_DIR_PATH}/Podfile.lock\" \"${PODS_ROOT}/Manifest.lock\" > /dev/null\nif [ $? != 0 ] ; then\n    # print error to STDERR\n    echo \"error: The sandbox is not in sync with the Podfile.lock. Run 'pod install' or update your CocoaPods installation.\" >&2\n    exit 1\nfi\n";
			showEnvVarsInLog = 0;
		};
		BE0387D96EA2C414CB00F818 /* [CP] Embed Pods Frameworks */ = {
			isa = PBXShellScriptBuildPhase;
			buildActionMask = 2147483647;
			files = (
			);
			inputPaths = (
			);
			name = "[CP] Embed Pods Frameworks";
			outputPaths = (
			);
			runOnlyForDeploymentPostprocessing = 0;
			shellPath = /bin/sh;
			shellScript = "\"${SRCROOT}/Pods/Target Support Files/Pods-InstagramUITests/Pods-InstagramUITests-frameworks.sh\"\n";
			showEnvVarsInLog = 0;
		};
		CFD4FE53127B3D6C911859AE /* [CP] Check Pods Manifest.lock */ = {
			isa = PBXShellScriptBuildPhase;
			buildActionMask = 2147483647;
			files = (
			);
			inputPaths = (
			);
			name = "[CP] Check Pods Manifest.lock";
			outputPaths = (
			);
			runOnlyForDeploymentPostprocessing = 0;
			shellPath = /bin/sh;
			shellScript = "diff \"${PODS_PODFILE_DIR_PATH}/Podfile.lock\" \"${PODS_ROOT}/Manifest.lock\" > /dev/null\nif [ $? != 0 ] ; then\n    # print error to STDERR\n    echo \"error: The sandbox is not in sync with the Podfile.lock. Run 'pod install' or update your CocoaPods installation.\" >&2\n    exit 1\nfi\n";
			showEnvVarsInLog = 0;
		};
		EBFA713F50469D217FFD2B5B /* [CP] Check Pods Manifest.lock */ = {
			isa = PBXShellScriptBuildPhase;
			buildActionMask = 2147483647;
			files = (
			);
			inputPaths = (
			);
			name = "[CP] Check Pods Manifest.lock";
			outputPaths = (
			);
			runOnlyForDeploymentPostprocessing = 0;
			shellPath = /bin/sh;
			shellScript = "diff \"${PODS_PODFILE_DIR_PATH}/Podfile.lock\" \"${PODS_ROOT}/Manifest.lock\" > /dev/null\nif [ $? != 0 ] ; then\n    # print error to STDERR\n    echo \"error: The sandbox is not in sync with the Podfile.lock. Run 'pod install' or update your CocoaPods installation.\" >&2\n    exit 1\nfi\n";
			showEnvVarsInLog = 0;
		};
		FDF2FF4CCC9E574E6352E27C /* [CP] Copy Pods Resources */ = {
			isa = PBXShellScriptBuildPhase;
			buildActionMask = 2147483647;
			files = (
			);
			inputPaths = (
			);
			name = "[CP] Copy Pods Resources";
			outputPaths = (
			);
			runOnlyForDeploymentPostprocessing = 0;
			shellPath = /bin/sh;
			shellScript = "\"${SRCROOT}/Pods/Target Support Files/Pods-Instagram/Pods-Instagram-resources.sh\"\n";
			showEnvVarsInLog = 0;
		};
/* End PBXShellScriptBuildPhase section */

/* Begin PBXSourcesBuildPhase section */
		A97505F01F02F73A005BEC07 /* Sources */ = {
			isa = PBXSourcesBuildPhase;
			buildActionMask = 2147483647;
			files = (
				A91578C41F02FA2E00F3052E /* LoginViewController.swift in Sources */,
				A90152A11F059CC000BBEBF1 /* Profile.swift in Sources */,
				A9C29B7A1F0323B00083E7FC /* ProfileCollectionViewCell.swift in Sources */,
				A9C29B821F0325C80083E7FC /* PostViewController.swift in Sources */,
				A97505F81F02F73A005BEC07 /* AppDelegate.swift in Sources */,
				A9C29B761F031F240083E7FC /* ProfileViewController.swift in Sources */,
				A9D15D021F04616B00FE6146 /* PhotoDetailsViewController.swift in Sources */,
				A9C29B7F1F0324D70083E7FC /* HomeTableViewCell.swift in Sources */,
				A9C29B6E1F0302150083E7FC /* HomeViewController.swift in Sources */,
				A9C29B721F0317810083E7FC /* Post.swift in Sources */,
			);
			runOnlyForDeploymentPostprocessing = 0;
		};
		A97506041F02F73A005BEC07 /* Sources */ = {
			isa = PBXSourcesBuildPhase;
			buildActionMask = 2147483647;
			files = (
				A975060D1F02F73A005BEC07 /* InstagramTests.swift in Sources */,
			);
			runOnlyForDeploymentPostprocessing = 0;
		};
		A975060F1F02F73A005BEC07 /* Sources */ = {
			isa = PBXSourcesBuildPhase;
			buildActionMask = 2147483647;
			files = (
				A97506181F02F73A005BEC07 /* InstagramUITests.swift in Sources */,
			);
			runOnlyForDeploymentPostprocessing = 0;
		};
/* End PBXSourcesBuildPhase section */

/* Begin PBXTargetDependency section */
		A975060A1F02F73A005BEC07 /* PBXTargetDependency */ = {
			isa = PBXTargetDependency;
			target = A97505F31F02F73A005BEC07 /* Instagram */;
			targetProxy = A97506091F02F73A005BEC07 /* PBXContainerItemProxy */;
		};
		A97506151F02F73A005BEC07 /* PBXTargetDependency */ = {
			isa = PBXTargetDependency;
			target = A97505F31F02F73A005BEC07 /* Instagram */;
			targetProxy = A97506141F02F73A005BEC07 /* PBXContainerItemProxy */;
		};
/* End PBXTargetDependency section */

/* Begin PBXVariantGroup section */
		A90C48671F0586A80024F48F /* Main.storyboard */ = {
			isa = PBXVariantGroup;
			children = (
				A90C48681F0586A80024F48F /* Base */,
			);
			name = Main.storyboard;
			sourceTree = "<group>";
		};
		A97506001F02F73A005BEC07 /* LaunchScreen.storyboard */ = {
			isa = PBXVariantGroup;
			children = (
				A97506011F02F73A005BEC07 /* Base */,
			);
			name = LaunchScreen.storyboard;
			sourceTree = "<group>";
		};
/* End PBXVariantGroup section */

/* Begin XCBuildConfiguration section */
		A975061A1F02F73A005BEC07 /* Debug */ = {
			isa = XCBuildConfiguration;
			buildSettings = {
				ALWAYS_SEARCH_USER_PATHS = NO;
				CLANG_ANALYZER_NONNULL = YES;
				CLANG_ANALYZER_NUMBER_OBJECT_CONVERSION = YES_AGGRESSIVE;
				CLANG_CXX_LANGUAGE_STANDARD = "gnu++0x";
				CLANG_CXX_LIBRARY = "libc++";
				CLANG_ENABLE_MODULES = YES;
				CLANG_ENABLE_OBJC_ARC = YES;
				CLANG_WARN_BOOL_CONVERSION = YES;
				CLANG_WARN_CONSTANT_CONVERSION = YES;
				CLANG_WARN_DIRECT_OBJC_ISA_USAGE = YES_ERROR;
				CLANG_WARN_DOCUMENTATION_COMMENTS = YES;
				CLANG_WARN_EMPTY_BODY = YES;
				CLANG_WARN_ENUM_CONVERSION = YES;
				CLANG_WARN_INFINITE_RECURSION = YES;
				CLANG_WARN_INT_CONVERSION = YES;
				CLANG_WARN_OBJC_ROOT_CLASS = YES_ERROR;
				CLANG_WARN_SUSPICIOUS_MOVE = YES;
				CLANG_WARN_UNREACHABLE_CODE = YES;
				CLANG_WARN__DUPLICATE_METHOD_MATCH = YES;
				"CODE_SIGN_IDENTITY[sdk=iphoneos*]" = "iPhone Developer";
				COPY_PHASE_STRIP = NO;
				DEBUG_INFORMATION_FORMAT = dwarf;
				ENABLE_STRICT_OBJC_MSGSEND = YES;
				ENABLE_TESTABILITY = YES;
				GCC_C_LANGUAGE_STANDARD = gnu99;
				GCC_DYNAMIC_NO_PIC = NO;
				GCC_NO_COMMON_BLOCKS = YES;
				GCC_OPTIMIZATION_LEVEL = 0;
				GCC_PREPROCESSOR_DEFINITIONS = (
					"DEBUG=1",
					"$(inherited)",
				);
				GCC_WARN_64_TO_32_BIT_CONVERSION = YES;
				GCC_WARN_ABOUT_RETURN_TYPE = YES_ERROR;
				GCC_WARN_UNDECLARED_SELECTOR = YES;
				GCC_WARN_UNINITIALIZED_AUTOS = YES_AGGRESSIVE;
				GCC_WARN_UNUSED_FUNCTION = YES;
				GCC_WARN_UNUSED_VARIABLE = YES;
				IPHONEOS_DEPLOYMENT_TARGET = 10.3;
				MTL_ENABLE_DEBUG_INFO = YES;
				ONLY_ACTIVE_ARCH = YES;
				SDKROOT = iphoneos;
				SWIFT_ACTIVE_COMPILATION_CONDITIONS = DEBUG;
				SWIFT_OPTIMIZATION_LEVEL = "-Onone";
			};
			name = Debug;
		};
		A975061B1F02F73A005BEC07 /* Release */ = {
			isa = XCBuildConfiguration;
			buildSettings = {
				ALWAYS_SEARCH_USER_PATHS = NO;
				CLANG_ANALYZER_NONNULL = YES;
				CLANG_ANALYZER_NUMBER_OBJECT_CONVERSION = YES_AGGRESSIVE;
				CLANG_CXX_LANGUAGE_STANDARD = "gnu++0x";
				CLANG_CXX_LIBRARY = "libc++";
				CLANG_ENABLE_MODULES = YES;
				CLANG_ENABLE_OBJC_ARC = YES;
				CLANG_WARN_BOOL_CONVERSION = YES;
				CLANG_WARN_CONSTANT_CONVERSION = YES;
				CLANG_WARN_DIRECT_OBJC_ISA_USAGE = YES_ERROR;
				CLANG_WARN_DOCUMENTATION_COMMENTS = YES;
				CLANG_WARN_EMPTY_BODY = YES;
				CLANG_WARN_ENUM_CONVERSION = YES;
				CLANG_WARN_INFINITE_RECURSION = YES;
				CLANG_WARN_INT_CONVERSION = YES;
				CLANG_WARN_OBJC_ROOT_CLASS = YES_ERROR;
				CLANG_WARN_SUSPICIOUS_MOVE = YES;
				CLANG_WARN_UNREACHABLE_CODE = YES;
				CLANG_WARN__DUPLICATE_METHOD_MATCH = YES;
				"CODE_SIGN_IDENTITY[sdk=iphoneos*]" = "iPhone Developer";
				COPY_PHASE_STRIP = NO;
				DEBUG_INFORMATION_FORMAT = "dwarf-with-dsym";
				ENABLE_NS_ASSERTIONS = NO;
				ENABLE_STRICT_OBJC_MSGSEND = YES;
				GCC_C_LANGUAGE_STANDARD = gnu99;
				GCC_NO_COMMON_BLOCKS = YES;
				GCC_WARN_64_TO_32_BIT_CONVERSION = YES;
				GCC_WARN_ABOUT_RETURN_TYPE = YES_ERROR;
				GCC_WARN_UNDECLARED_SELECTOR = YES;
				GCC_WARN_UNINITIALIZED_AUTOS = YES_AGGRESSIVE;
				GCC_WARN_UNUSED_FUNCTION = YES;
				GCC_WARN_UNUSED_VARIABLE = YES;
				IPHONEOS_DEPLOYMENT_TARGET = 10.3;
				MTL_ENABLE_DEBUG_INFO = NO;
				SDKROOT = iphoneos;
				SWIFT_OPTIMIZATION_LEVEL = "-Owholemodule";
				VALIDATE_PRODUCT = YES;
			};
			name = Release;
		};
		A975061D1F02F73A005BEC07 /* Debug */ = {
			isa = XCBuildConfiguration;
			baseConfigurationReference = 4453D2FC328A9BACD6BD3370 /* Pods-Instagram.debug.xcconfig */;
			buildSettings = {
				ASSETCATALOG_COMPILER_APPICON_NAME = AppIcon;
				INFOPLIST_FILE = Instagram/Info.plist;
				LD_RUNPATH_SEARCH_PATHS = "$(inherited) @executable_path/Frameworks";
				PRODUCT_BUNDLE_IDENTIFIER = com.FBU.Instagram;
				PRODUCT_NAME = "$(TARGET_NAME)";
				SWIFT_VERSION = 3.0;
			};
			name = Debug;
		};
		A975061E1F02F73A005BEC07 /* Release */ = {
			isa = XCBuildConfiguration;
			baseConfigurationReference = 2421B8773C3FB22F6E8CD76F /* Pods-Instagram.release.xcconfig */;
			buildSettings = {
				ASSETCATALOG_COMPILER_APPICON_NAME = AppIcon;
				INFOPLIST_FILE = Instagram/Info.plist;
				LD_RUNPATH_SEARCH_PATHS = "$(inherited) @executable_path/Frameworks";
				PRODUCT_BUNDLE_IDENTIFIER = com.FBU.Instagram;
				PRODUCT_NAME = "$(TARGET_NAME)";
				SWIFT_VERSION = 3.0;
			};
			name = Release;
		};
		A97506201F02F73A005BEC07 /* Debug */ = {
			isa = XCBuildConfiguration;
			baseConfigurationReference = E0AD0B651BE80A986A5DED6B /* Pods-InstagramTests.debug.xcconfig */;
			buildSettings = {
				ALWAYS_EMBED_SWIFT_STANDARD_LIBRARIES = YES;
				BUNDLE_LOADER = "$(TEST_HOST)";
				INFOPLIST_FILE = InstagramTests/Info.plist;
				LD_RUNPATH_SEARCH_PATHS = "$(inherited) @executable_path/Frameworks @loader_path/Frameworks";
				PRODUCT_BUNDLE_IDENTIFIER = com.FBU.InstagramTests;
				PRODUCT_NAME = "$(TARGET_NAME)";
				SWIFT_VERSION = 3.0;
				TEST_HOST = "$(BUILT_PRODUCTS_DIR)/Instagram.app/Instagram";
			};
			name = Debug;
		};
		A97506211F02F73A005BEC07 /* Release */ = {
			isa = XCBuildConfiguration;
			baseConfigurationReference = FD9B36704DEEBA35F8D0874E /* Pods-InstagramTests.release.xcconfig */;
			buildSettings = {
				ALWAYS_EMBED_SWIFT_STANDARD_LIBRARIES = YES;
				BUNDLE_LOADER = "$(TEST_HOST)";
				INFOPLIST_FILE = InstagramTests/Info.plist;
				LD_RUNPATH_SEARCH_PATHS = "$(inherited) @executable_path/Frameworks @loader_path/Frameworks";
				PRODUCT_BUNDLE_IDENTIFIER = com.FBU.InstagramTests;
				PRODUCT_NAME = "$(TARGET_NAME)";
				SWIFT_VERSION = 3.0;
				TEST_HOST = "$(BUILT_PRODUCTS_DIR)/Instagram.app/Instagram";
			};
			name = Release;
		};
		A97506231F02F73A005BEC07 /* Debug */ = {
			isa = XCBuildConfiguration;
			baseConfigurationReference = E891C4D9924D3DAF8BB1D08C /* Pods-InstagramUITests.debug.xcconfig */;
			buildSettings = {
				ALWAYS_EMBED_SWIFT_STANDARD_LIBRARIES = YES;
				INFOPLIST_FILE = InstagramUITests/Info.plist;
				LD_RUNPATH_SEARCH_PATHS = "$(inherited) @executable_path/Frameworks @loader_path/Frameworks";
				PRODUCT_BUNDLE_IDENTIFIER = com.FBU.InstagramUITests;
				PRODUCT_NAME = "$(TARGET_NAME)";
				SWIFT_VERSION = 3.0;
				TEST_TARGET_NAME = Instagram;
			};
			name = Debug;
		};
		A97506241F02F73A005BEC07 /* Release */ = {
			isa = XCBuildConfiguration;
			baseConfigurationReference = 3502CB08B3F65918A3467E22 /* Pods-InstagramUITests.release.xcconfig */;
			buildSettings = {
				ALWAYS_EMBED_SWIFT_STANDARD_LIBRARIES = YES;
				INFOPLIST_FILE = InstagramUITests/Info.plist;
				LD_RUNPATH_SEARCH_PATHS = "$(inherited) @executable_path/Frameworks @loader_path/Frameworks";
				PRODUCT_BUNDLE_IDENTIFIER = com.FBU.InstagramUITests;
				PRODUCT_NAME = "$(TARGET_NAME)";
				SWIFT_VERSION = 3.0;
				TEST_TARGET_NAME = Instagram;
			};
			name = Release;
		};
/* End XCBuildConfiguration section */

/* Begin XCConfigurationList section */
		A97505EF1F02F73A005BEC07 /* Build configuration list for PBXProject "Instagram" */ = {
			isa = XCConfigurationList;
			buildConfigurations = (
				A975061A1F02F73A005BEC07 /* Debug */,
				A975061B1F02F73A005BEC07 /* Release */,
			);
			defaultConfigurationIsVisible = 0;
			defaultConfigurationName = Release;
		};
		A975061C1F02F73A005BEC07 /* Build configuration list for PBXNativeTarget "Instagram" */ = {
			isa = XCConfigurationList;
			buildConfigurations = (
				A975061D1F02F73A005BEC07 /* Debug */,
				A975061E1F02F73A005BEC07 /* Release */,
			);
			defaultConfigurationIsVisible = 0;
			defaultConfigurationName = Release;
		};
		A975061F1F02F73A005BEC07 /* Build configuration list for PBXNativeTarget "InstagramTests" */ = {
			isa = XCConfigurationList;
			buildConfigurations = (
				A97506201F02F73A005BEC07 /* Debug */,
				A97506211F02F73A005BEC07 /* Release */,
			);
			defaultConfigurationIsVisible = 0;
			defaultConfigurationName = Release;
		};
		A97506221F02F73A005BEC07 /* Build configuration list for PBXNativeTarget "InstagramUITests" */ = {
			isa = XCConfigurationList;
			buildConfigurations = (
				A97506231F02F73A005BEC07 /* Debug */,
				A97506241F02F73A005BEC07 /* Release */,
			);
			defaultConfigurationIsVisible = 0;
			defaultConfigurationName = Release;
		};
/* End XCConfigurationList section */
	};
	rootObject = A97505EC1F02F73A005BEC07 /* Project object */;
}
